
Microsoft Visual Studio Solution File, Format Version 12.00
# Visual Studio 15
VisualStudioVersion = 15.0.26730.12
MinimumVisualStudioVersion = 10.0.40219.1
Project("{D954291E-2A0B-460D-934E-DC6B0785DB48}") = "artesanato", "artesanato\artesanato\artesanato.shproj", "{62D8BAFA-06A9-4369-8E33-45609D5514F1}"
EndProject
Project("{FAE04EC0-301F-11D3-BF4B-00C04F79EFBC}") = "artesanato.Android", "artesanato\artesanato.Android\artesanato.Android.csproj", "{ED4681B7-2F8F-4359-B1DE-6BCE8758C2D1}"
EndProject
Project("{FAE04EC0-301F-11D3-BF4B-00C04F79EFBC}") = "artesanato.iOS", "artesanato\artesanato.iOS\artesanato.iOS.csproj", "{D0CAC94D-CF8D-4BDB-94C5-B8FD9D354A43}"
EndProject
Global
	GlobalSection(SharedMSBuildProjectFiles) = preSolution
		artesanato\artesanato\artesanato.projitems*{62d8bafa-06a9-4369-8e33-45609d5514f1}*SharedItemsImports = 13
		artesanato\artesanato\artesanato.projitems*{d0cac94d-cf8d-4bdb-94c5-b8fd9d354a43}*SharedItemsImports = 4
		artesanato\artesanato\artesanato.projitems*{ed4681b7-2f8f-4359-b1de-6bce8758c2d1}*SharedItemsImports = 4
	EndGlobalSection
	GlobalSection(SolutionConfigurationPlatforms) = preSolution
		Ad-Hoc|Any CPU = Ad-Hoc|Any CPU
		Ad-Hoc|iPhone = Ad-Hoc|iPhone
		Ad-Hoc|iPhoneSimulator = Ad-Hoc|iPhoneSimulator
		AppStore|Any CPU = AppStore|Any CPU
		AppStore|iPhone = AppStore|iPhone
		AppStore|iPhoneSimulator = AppStore|iPhoneSimulator
		Debug|Any CPU = Debug|Any CPU
		Debug|iPhone = Debug|iPhone
		Debug|iPhoneSimulator = Debug|iPhoneSimulator
		Release|Any CPU = Release|Any CPU
		Release|iPhone = Release|iPhone
		Release|iPhoneSimulator = Release|iPhoneSimulator
	EndGlobalSection
	GlobalSection(ProjectConfigurationPlatforms) = postSolution
		{ED4681B7-2F8F-4359-B1DE-6BCE8758C2D1}.Ad-Hoc|Any CPU.ActiveCfg = Release|Any CPU
		{ED4681B7-2F8F-4359-B1DE-6BCE8758C2D1}.Ad-Hoc|Any CPU.Build.0 = Release|Any CPU
		{ED4681B7-2F8F-4359-B1DE-6BCE8758C2D1}.Ad-Hoc|Any CPU.Deploy.0 = Release|Any CPU
		{ED4681B7-2F8F-4359-B1DE-6BCE8758C2D1}.Ad-Hoc|iPhone.ActiveCfg = Release|Any CPU
		{ED4681B7-2F8F-4359-B1DE-6BCE8758C2D1}.Ad-Hoc|iPhone.Build.0 = Release|Any CPU
		{ED4681B7-2F8F-4359-B1DE-6BCE8758C2D1}.Ad-Hoc|iPhone.Deploy.0 = Release|Any CPU
		{ED4681B7-2F8F-4359-B1DE-6BCE8758C2D1}.Ad-Hoc|iPhoneSimulator.ActiveCfg = Release|Any CPU
		{ED4681B7-2F8F-4359-B1DE-6BCE8758C2D1}.Ad-Hoc|iPhoneSimulator.Build.0 = Release|Any CPU
		{ED4681B7-2F8F-4359-B1DE-6BCE8758C2D1}.Ad-Hoc|iPhoneSimulator.Deploy.0 = Release|Any CPU
		{ED4681B7-2F8F-4359-B1DE-6BCE8758C2D1}.AppStore|Any CPU.ActiveCfg = Release|Any CPU
		{ED4681B7-2F8F-4359-B1DE-6BCE8758C2D1}.AppStore|Any CPU.Build.0 = Release|Any CPU
		{ED4681B7-2F8F-4359-B1DE-6BCE8758C2D1}.AppStore|Any CPU.Deploy.0 = Release|Any CPU
		{ED4681B7-2F8F-4359-B1DE-6BCE8758C2D1}.AppStore|iPhone.ActiveCfg = Release|Any CPU
		{ED4681B7-2F8F-4359-B1DE-6BCE8758C2D1}.AppStore|iPhone.Build.0 = Release|Any CPU
		{ED4681B7-2F8F-4359-B1DE-6BCE8758C2D1}.AppStore|iPhone.Deploy.0 = Release|Any CPU
		{ED4681B7-2F8F-4359-B1DE-6BCE8758C2D1}.AppStore|iPhoneSimulator.ActiveCfg = Release|Any CPU
		{ED4681B7-2F8F-4359-B1DE-6BCE8758C2D1}.AppStore|iPhoneSimulator.Build.0 = Release|Any CPU
		{ED4681B7-2F8F-4359-B1DE-6BCE8758C2D1}.AppStore|iPhoneSimulator.Deploy.0 = Release|Any CPU
		{ED4681B7-2F8F-4359-B1DE-6BCE8758C2D1}.Debug|Any CPU.ActiveCfg = Debug|Any CPU
		{ED4681B7-2F8F-4359-B1DE-6BCE8758C2D1}.Debug|Any CPU.Build.0 = Debug|Any CPU
		{ED4681B7-2F8F-4359-B1DE-6BCE8758C2D1}.Debug|Any CPU.Deploy.0 = Debug|Any CPU
		{ED4681B7-2F8F-4359-B1DE-6BCE8758C2D1}.Debug|iPhone.ActiveCfg = Debug|Any CPU
		{ED4681B7-2F8F-4359-B1DE-6BCE8758C2D1}.Debug|iPhone.Build.0 = Debug|Any CPU
		{ED4681B7-2F8F-4359-B1DE-6BCE8758C2D1}.Debug|iPhone.Deploy.0 = Debug|Any CPU
		{ED4681B7-2F8F-4359-B1DE-6BCE8758C2D1}.Debug|iPhoneSimulator.ActiveCfg = Debug|Any CPU
		{ED4681B7-2F8F-4359-B1DE-6BCE8758C2D1}.Debug|iPhoneSimulator.Build.0 = Debug|Any CPU
		{ED4681B7-2F8F-4359-B1DE-6BCE8758C2D1}.Debug|iPhoneSimulator.Deploy.0 = Debug|Any CPU
		{ED4681B7-2F8F-4359-B1DE-6BCE8758C2D1}.Release|Any CPU.ActiveCfg = Release|Any CPU
		{ED4681B7-2F8F-4359-B1DE-6BCE8758C2D1}.Release|Any CPU.Build.0 = Release|Any CPU
		{ED4681B7-2F8F-4359-B1DE-6BCE8758C2D1}.Release|Any CPU.Deploy.0 = Release|Any CPU
		{ED4681B7-2F8F-4359-B1DE-6BCE8758C2D1}.Release|iPhone.ActiveCfg = Release|Any CPU
		{ED4681B7-2F8F-4359-B1DE-6BCE8758C2D1}.Release|iPhone.Build.0 = Release|Any CPU
		{ED4681B7-2F8F-4359-B1DE-6BCE8758C2D1}.Release|iPhone.Deploy.0 = Release|Any CPU
		{ED4681B7-2F8F-4359-B1DE-6BCE8758C2D1}.Release|iPhoneSimulator.ActiveCfg = Release|Any CPU
		{ED4681B7-2F8F-4359-B1DE-6BCE8758C2D1}.Release|iPhoneSimulator.Build.0 = Release|Any CPU
		{ED4681B7-2F8F-4359-B1DE-6BCE8758C2D1}.Release|iPhoneSimulator.Deploy.0 = Release|Any CPU
		{D0CAC94D-CF8D-4BDB-94C5-B8FD9D354A43}.Ad-Hoc|Any CPU.ActiveCfg = Ad-Hoc|iPhone
		{D0CAC94D-CF8D-4BDB-94C5-B8FD9D354A43}.Ad-Hoc|iPhone.ActiveCfg = Ad-Hoc|iPhone
		{D0CAC94D-CF8D-4BDB-94C5-B8FD9D354A43}.Ad-Hoc|iPhone.Build.0 = Ad-Hoc|iPhone
		{D0CAC94D-CF8D-4BDB-94C5-B8FD9D354A43}.Ad-Hoc|iPhoneSimulator.ActiveCfg = Ad-Hoc|iPhoneSimulator
		{D0CAC94D-CF8D-4BDB-94C5-B8FD9D354A43}.Ad-Hoc|iPhoneSimulator.Build.0 = Ad-Hoc|iPhoneSimulator
		{D0CAC94D-CF8D-4BDB-94C5-B8FD9D354A43}.AppStore|Any CPU.ActiveCfg = AppStore|iPhone
		{D0CAC94D-CF8D-4BDB-94C5-B8FD9D354A43}.AppStore|iPhone.ActiveCfg = AppStore|iPhone
		{D0CAC94D-CF8D-4BDB-94C5-B8FD9D354A43}.AppStore|iPhone.Build.0 = AppStore|iPhone
		{D0CAC94D-CF8D-4BDB-94C5-B8FD9D354A43}.AppStore|iPhoneSimulator.ActiveCfg = AppStore|iPhoneSimulator
		{D0CAC94D-CF8D-4BDB-94C5-B8FD9D354A43}.AppStore|iPhoneSimulator.Build.0 = AppStore|iPhoneSimulator
		{D0CAC94D-CF8D-4BDB-94C5-B8FD9D354A43}.Debug|Any CPU.ActiveCfg = Debug|iPhone
		{D0CAC94D-CF8D-4BDB-94C5-B8FD9D354A43}.Debug|iPhone.ActiveCfg = Debug|iPhone
		{D0CAC94D-CF8D-4BDB-94C5-B8FD9D354A43}.Debug|iPhone.Build.0 = Debug|iPhone
		{D0CAC94D-CF8D-4BDB-94C5-B8FD9D354A43}.Debug|iPhoneSimulator.ActiveCfg = Debug|iPhoneSimulator
		{D0CAC94D-CF8D-4BDB-94C5-B8FD9D354A43}.Debug|iPhoneSimulator.Build.0 = Debug|iPhoneSimulator
		{D0CAC94D-CF8D-4BDB-94C5-B8FD9D354A43}.Release|Any CPU.ActiveCfg = Release|iPhone
		{D0CAC94D-CF8D-4BDB-94C5-B8FD9D354A43}.Release|iPhone.ActiveCfg = Release|iPhone
		{D0CAC94D-CF8D-4BDB-94C5-B8FD9D354A43}.Release|iPhone.Build.0 = Release|iPhone
		{D0CAC94D-CF8D-4BDB-94C5-B8FD9D354A43}.Release|iPhoneSimulator.ActiveCfg = Release|iPhoneSimulator
		{D0CAC94D-CF8D-4BDB-94C5-B8FD9D354A43}.Release|iPhoneSimulator.Build.0 = Release|iPhoneSimulator
	EndGlobalSection
	GlobalSection(SolutionProperties) = preSolution
		HideSolutionNode = FALSE
	EndGlobalSection
	GlobalSection(ExtensibilityGlobals) = postSolution
		SolutionGuid = {28C5CFF5-7A2B-42FA-901B-DFEEB794CEB7}
	EndGlobalSection
EndGlobal
